
Microsoft Visual Studio Solution File, Format Version 12.00
# Visual Studio 14
VisualStudioVersion = 14.0.25420.1
MinimumVisualStudioVersion = 10.0.40219.1
Project("{F184B08F-C81C-45F6-A57F-5ABD9991F28F}") = "DANK_ScheduleDSS", "DANK_ScheduleDSS.vbproj", "{6B250D93-8DDD-4C07-874F-A28E067B0FEB}"
EndProject
Global
	GlobalSection(SolutionConfigurationPlatforms) = preSolution
		Debug|Any CPU = Debug|Any CPU
		Release|Any CPU = Release|Any CPU
	EndGlobalSection
	GlobalSection(ProjectConfigurationPlatforms) = postSolution
		{6B250D93-8DDD-4C07-874F-A28E067B0FEB}.Debug|Any CPU.ActiveCfg = Debug|Any CPU
		{6B250D93-8DDD-4C07-874F-A28E067B0FEB}.Debug|Any CPU.Build.0 = Debug|Any CPU
		{6B250D93-8DDD-4C07-874F-A28E067B0FEB}.Release|Any CPU.ActiveCfg = Release|Any CPU
		{6B250D93-8DDD-4C07-874F-A28E067B0FEB}.Release|Any CPU.Build.0 = Release|Any CPU
	EndGlobalSection
	GlobalSection(SolutionProperties) = preSolution
		HideSolutionNode = FALSE
	EndGlobalSection
EndGlobal
